
Microsoft Visual Studio Solution File, Format Version 12.00
# Visual Studio Version 17
VisualStudioVersion = 17.6.33829.357
MinimumVisualStudioVersion = 10.0.40219.1
Project("{9A19103F-16F7-4668-BE54-9A1E7A4F7556}") = "GoogGUI", "GoogGUI\GoogGUI.csproj", "{F148F33A-8D93-40DB-81A3-E6719C0D1077}"
EndProject
Project("{9A19103F-16F7-4668-BE54-9A1E7A4F7556}") = "GoogLib", "GoogLib\GoogLib.csproj", "{64D1F074-DE93-4D23-8207-29F0C9C63006}"
EndProject
Project("{9A19103F-16F7-4668-BE54-9A1E7A4F7556}") = "Goog", "Goog\Goog.csproj", "{DA1A9BAA-3760-438A-9A2B-739A1AD8A0A9}"
EndProject
Global
	GlobalSection(SolutionConfigurationPlatforms) = preSolution
		Debug|Any CPU = Debug|Any CPU
		Release|Any CPU = Release|Any CPU
	EndGlobalSection
	GlobalSection(ProjectConfigurationPlatforms) = postSolution
		{F148F33A-8D93-40DB-81A3-E6719C0D1077}.Debug|Any CPU.ActiveCfg = Debug|Any CPU
		{F148F33A-8D93-40DB-81A3-E6719C0D1077}.Debug|Any CPU.Build.0 = Debug|Any CPU
		{F148F33A-8D93-40DB-81A3-E6719C0D1077}.Release|Any CPU.ActiveCfg = Release|Any CPU
		{F148F33A-8D93-40DB-81A3-E6719C0D1077}.Release|Any CPU.Build.0 = Release|Any CPU
		{64D1F074-DE93-4D23-8207-29F0C9C63006}.Debug|Any CPU.ActiveCfg = Debug|Any CPU
		{64D1F074-DE93-4D23-8207-29F0C9C63006}.Debug|Any CPU.Build.0 = Debug|Any CPU
		{64D1F074-DE93-4D23-8207-29F0C9C63006}.Release|Any CPU.ActiveCfg = Release|Any CPU
		{64D1F074-DE93-4D23-8207-29F0C9C63006}.Release|Any CPU.Build.0 = Release|Any CPU
		{DA1A9BAA-3760-438A-9A2B-739A1AD8A0A9}.Debug|Any CPU.ActiveCfg = Debug|Any CPU
		{DA1A9BAA-3760-438A-9A2B-739A1AD8A0A9}.Debug|Any CPU.Build.0 = Debug|Any CPU
		{DA1A9BAA-3760-438A-9A2B-739A1AD8A0A9}.Release|Any CPU.ActiveCfg = Release|Any CPU
		{DA1A9BAA-3760-438A-9A2B-739A1AD8A0A9}.Release|Any CPU.Build.0 = Release|Any CPU
	EndGlobalSection
	GlobalSection(SolutionProperties) = preSolution
		HideSolutionNode = FALSE
	EndGlobalSection
	GlobalSection(ExtensibilityGlobals) = postSolution
		SolutionGuid = {588976B0-B58A-4187-A2FC-2C009725327C}
	EndGlobalSection
EndGlobal
