
Microsoft Visual Studio Solution File, Format Version 12.00
# Visual Studio Version 17
VisualStudioVersion = 17.6.33829.357
MinimumVisualStudioVersion = 10.0.40219.1
Project("{9A19103F-16F7-4668-BE54-9A1E7A4F7556}") = "Trebuchet", "Trebuchet\Trebuchet.csproj", "{F148F33A-8D93-40DB-81A3-E6719C0D1077}"
EndProject
Project("{9A19103F-16F7-4668-BE54-9A1E7A4F7556}") = "TrebuchetLib", "TrebuchetLib\TrebuchetLib.csproj", "{64D1F074-DE93-4D23-8207-29F0C9C63006}"
EndProject
Project("{9A19103F-16F7-4668-BE54-9A1E7A4F7556}") = "SteamWorksWebAPI", "SteamWorksWebAPI\SteamWorksWebAPI.csproj", "{4AC38001-A77A-4C8C-8CBE-1CA9E1FE8E53}"
EndProject
Project("{FAE04EC0-301F-11D3-BF4B-00C04F79EFBC}") = "TrebuchetUtils", "TrebuchetUtils\TrebuchetUtils.csproj", "{4CFA2DFD-5F6D-4C79-B771-20031D64CDEA}"
EndProject
Project("{FAE04EC0-301F-11D3-BF4B-00C04F79EFBC}") = "Boulder", "Boulder\Boulder.csproj", "{C521114F-22F1-4BE3-8E9E-928C4230C510}"
EndProject
Project("{FAE04EC0-301F-11D3-BF4B-00C04F79EFBC}") = "tot-lib", "tot-lib\tot-lib.csproj", "{6C57C4DF-150A-447B-9B69-237253E11304}"
EndProject
Global
	GlobalSection(SolutionConfigurationPlatforms) = preSolution
		Debug|Any CPU = Debug|Any CPU
		Release|Any CPU = Release|Any CPU
	EndGlobalSection
	GlobalSection(ProjectConfigurationPlatforms) = postSolution
		{F148F33A-8D93-40DB-81A3-E6719C0D1077}.Debug|Any CPU.ActiveCfg = Debug|Any CPU
		{F148F33A-8D93-40DB-81A3-E6719C0D1077}.Debug|Any CPU.Build.0 = Debug|Any CPU
		{F148F33A-8D93-40DB-81A3-E6719C0D1077}.Release|Any CPU.ActiveCfg = Release|Any CPU
		{F148F33A-8D93-40DB-81A3-E6719C0D1077}.Release|Any CPU.Build.0 = Release|Any CPU
		{64D1F074-DE93-4D23-8207-29F0C9C63006}.Debug|Any CPU.ActiveCfg = Debug|Any CPU
		{64D1F074-DE93-4D23-8207-29F0C9C63006}.Debug|Any CPU.Build.0 = Debug|Any CPU
		{64D1F074-DE93-4D23-8207-29F0C9C63006}.Release|Any CPU.ActiveCfg = Release|Any CPU
		{64D1F074-DE93-4D23-8207-29F0C9C63006}.Release|Any CPU.Build.0 = Release|Any CPU
		{4AC38001-A77A-4C8C-8CBE-1CA9E1FE8E53}.Debug|Any CPU.ActiveCfg = Debug|Any CPU
		{4AC38001-A77A-4C8C-8CBE-1CA9E1FE8E53}.Debug|Any CPU.Build.0 = Debug|Any CPU
		{4AC38001-A77A-4C8C-8CBE-1CA9E1FE8E53}.Release|Any CPU.ActiveCfg = Release|Any CPU
		{4AC38001-A77A-4C8C-8CBE-1CA9E1FE8E53}.Release|Any CPU.Build.0 = Release|Any CPU
		{4CFA2DFD-5F6D-4C79-B771-20031D64CDEA}.Debug|Any CPU.ActiveCfg = Debug|Any CPU
		{4CFA2DFD-5F6D-4C79-B771-20031D64CDEA}.Debug|Any CPU.Build.0 = Debug|Any CPU
		{4CFA2DFD-5F6D-4C79-B771-20031D64CDEA}.Release|Any CPU.ActiveCfg = Release|Any CPU
		{4CFA2DFD-5F6D-4C79-B771-20031D64CDEA}.Release|Any CPU.Build.0 = Release|Any CPU
		{C521114F-22F1-4BE3-8E9E-928C4230C510}.Debug|Any CPU.ActiveCfg = Debug|Any CPU
		{C521114F-22F1-4BE3-8E9E-928C4230C510}.Debug|Any CPU.Build.0 = Debug|Any CPU
		{C521114F-22F1-4BE3-8E9E-928C4230C510}.Release|Any CPU.ActiveCfg = Release|Any CPU
		{C521114F-22F1-4BE3-8E9E-928C4230C510}.Release|Any CPU.Build.0 = Release|Any CPU
		{6C57C4DF-150A-447B-9B69-237253E11304}.Debug|Any CPU.ActiveCfg = Debug|Any CPU
		{6C57C4DF-150A-447B-9B69-237253E11304}.Debug|Any CPU.Build.0 = Debug|Any CPU
		{6C57C4DF-150A-447B-9B69-237253E11304}.Release|Any CPU.ActiveCfg = Release|Any CPU
		{6C57C4DF-150A-447B-9B69-237253E11304}.Release|Any CPU.Build.0 = Release|Any CPU
	EndGlobalSection
	GlobalSection(SolutionProperties) = preSolution
		HideSolutionNode = FALSE
	EndGlobalSection
	GlobalSection(ExtensibilityGlobals) = postSolution
		SolutionGuid = {588976B0-B58A-4187-A2FC-2C009725327C}
	EndGlobalSection
EndGlobal
